### YamlMime:ManagedReference
items:
- uid: Virtufin.Core.Clock
  commentId: N:Virtufin.Core.Clock
  id: Clock
  parent: Virtufin.Core
  children:
  - Virtufin.Core.Clock.IClock`1
  langs:
  - csharp
  - vb
  name: Virtufin.Core.Clock
  nameWithType: Virtufin.Core.Clock
  fullName: Virtufin.Core.Clock
  type: Namespace
  assemblies:
  - Virtufin.Core
references:
- uid: Virtufin.Core.Clock.IClock`1
  commentId: T:Virtufin.Core.Clock.IClock`1
  href: Virtufin.Core.Clock.IClock-1.html
  name: IClock<T>
  nameWithType: IClock<T>
  fullName: Virtufin.Core.Clock.IClock<T>
  nameWithType.vb: IClock(Of T)
  fullName.vb: Virtufin.Core.Clock.IClock(Of T)
  name.vb: IClock(Of T)
  spec.csharp:
  - uid: Virtufin.Core.Clock.IClock`1
    name: IClock
    href: Virtufin.Core.Clock.IClock-1.html
  - name: <
  - name: T
  - name: '>'
  spec.vb:
  - uid: Virtufin.Core.Clock.IClock`1
    name: IClock
    href: Virtufin.Core.Clock.IClock-1.html
  - name: (
  - name: Of
  - name: " "
  - name: T
  - name: )
