### YamlMime:ManagedReference
items:
- uid: Virtufin.Base.Clock
  commentId: N:Virtufin.Base.Clock
  id: Clock
  parent: Virtufin.Base
  children:
  - Virtufin.Base.Clock.Metronome
  - Virtufin.Base.Clock.Metronome`1
  langs:
  - csharp
  - vb
  name: Virtufin.Base.Clock
  nameWithType: Virtufin.Base.Clock
  fullName: Virtufin.Base.Clock
  type: Namespace
  assemblies:
  - Virtufin.Base
references:
- uid: Virtufin.Base.Clock.Metronome
  commentId: T:Virtufin.Base.Clock.Metronome
  href: Virtufin.Base.Clock.Metronome.html
  name: Metronome
  nameWithType: Metronome
  fullName: Virtufin.Base.Clock.Metronome
- uid: Virtufin.Base.Clock.Metronome`1
  commentId: T:Virtufin.Base.Clock.Metronome`1
  href: Virtufin.Base.Clock.Metronome-1.html
  name: Metronome<T>
  nameWithType: Metronome<T>
  fullName: Virtufin.Base.Clock.Metronome<T>
  nameWithType.vb: Metronome(Of T)
  fullName.vb: Virtufin.Base.Clock.Metronome(Of T)
  name.vb: Metronome(Of T)
  spec.csharp:
  - uid: Virtufin.Base.Clock.Metronome`1
    name: Metronome
    href: Virtufin.Base.Clock.Metronome-1.html
  - name: <
  - name: T
  - name: '>'
  spec.vb:
  - uid: Virtufin.Base.Clock.Metronome`1
    name: Metronome
    href: Virtufin.Base.Clock.Metronome-1.html
  - name: (
  - name: Of
  - name: " "
  - name: T
  - name: )
