### YamlMime:ManagedReference
items:
- uid: Virtufin.Base.Clock
  commentId: N:Virtufin.Base.Clock
  id: Clock
  parent: Virtufin.Base
  children:
  - Virtufin.Base.Clock.ReplayClock
  - Virtufin.Base.Clock.WallClock
  langs:
  - csharp
  - vb
  name: Virtufin.Base.Clock
  nameWithType: Virtufin.Base.Clock
  fullName: Virtufin.Base.Clock
  type: Namespace
  assemblies:
  - Virtufin.Base
references:
- uid: Virtufin.Base.Clock.ReplayClock
  commentId: T:Virtufin.Base.Clock.ReplayClock
  href: Virtufin.Base.Clock.ReplayClock.html
  name: ReplayClock
  nameWithType: ReplayClock
  fullName: Virtufin.Base.Clock.ReplayClock
- uid: Virtufin.Base.Clock.WallClock
  commentId: T:Virtufin.Base.Clock.WallClock
  parent: Virtufin.Base.Clock
  href: Virtufin.Base.Clock.WallClock.html
  name: WallClock
  nameWithType: WallClock
  fullName: Virtufin.Base.Clock.WallClock
- uid: Virtufin.Base.Clock
  commentId: N:Virtufin.Base.Clock
  href: Virtufin.html
  name: Virtufin.Base.Clock
  nameWithType: Virtufin.Base.Clock
  fullName: Virtufin.Base.Clock
  spec.csharp:
  - uid: Virtufin
    name: Virtufin
    href: Virtufin.html
  - name: .
  - uid: Virtufin.Base
    name: Base
    href: Virtufin.Base.html
  - name: .
  - uid: Virtufin.Base.Clock
    name: Clock
    href: Virtufin.Base.Clock.html
  spec.vb:
  - uid: Virtufin
    name: Virtufin
    href: Virtufin.html
  - name: .
  - uid: Virtufin.Base
    name: Base
    href: Virtufin.Base.html
  - name: .
  - uid: Virtufin.Base.Clock
    name: Clock
    href: Virtufin.Base.Clock.html
