### YamlMime:ManagedReference
items:
- uid: Virtufin.Core.Clock.IClock
  commentId: T:Virtufin.Core.Clock.IClock
  id: IClock
  parent: Virtufin.Core.Clock
  children:
  - Virtufin.Core.Clock.IClock.IsWallClock
  - Virtufin.Core.Clock.IClock.Name
  - Virtufin.Core.Clock.IClock.Now
  langs:
  - csharp
  - vb
  name: IClock
  nameWithType: IClock
  fullName: Virtufin.Core.Clock.IClock
  type: Interface
  source:
    remote:
      path: src/Virtufin.Core/Clock/IClock.cs
      branch: master
      repo: https://gitea.haenerconsulting.com/virtufin/virtufin-dotnet
    id: IClock
    path: ../../../src/Virtufin.Core/Clock/IClock.cs
    startLine: 7
  assemblies:
  - Virtufin.Core
  namespace: Virtufin.Core.Clock
  summary: >-
    A clock interpretation over which events are timestamped. Two implementations

    exist: <code>WallClock</code> (real time, used in <code>act</code> scenarios) and

    <code>ReplayClock</code> (synthetic time, used in <code>hyp</code> scenarios).
  example: []
  syntax:
    content: public interface IClock
    content.vb: Public Interface IClock
  derivedClasses:
  - Virtufin.Base.Clock.ReplayClock
  - Virtufin.Base.Clock.WallClock
- uid: Virtufin.Core.Clock.IClock.Now
  commentId: P:Virtufin.Core.Clock.IClock.Now
  id: Now
  parent: Virtufin.Core.Clock.IClock
  langs:
  - csharp
  - vb
  name: Now
  nameWithType: IClock.Now
  fullName: Virtufin.Core.Clock.IClock.Now
  type: Property
  source:
    remote:
      path: src/Virtufin.Core/Clock/IClock.cs
      branch: master
      repo: https://gitea.haenerconsulting.com/virtufin/virtufin-dotnet
    id: Now
    path: ../../../src/Virtufin.Core/Clock/IClock.cs
    startLine: 10
  assemblies:
  - Virtufin.Core
  namespace: Virtufin.Core.Clock
  summary: Current value of this clock.
  example: []
  syntax:
    content: DateTimeOffset Now { get; }
    parameters: []
    return:
      type: System.DateTimeOffset
    content.vb: ReadOnly Property Now As DateTimeOffset
  overload: Virtufin.Core.Clock.IClock.Now*
- uid: Virtufin.Core.Clock.IClock.IsWallClock
  commentId: P:Virtufin.Core.Clock.IClock.IsWallClock
  id: IsWallClock
  parent: Virtufin.Core.Clock.IClock
  langs:
  - csharp
  - vb
  name: IsWallClock
  nameWithType: IClock.IsWallClock
  fullName: Virtufin.Core.Clock.IClock.IsWallClock
  type: Property
  source:
    remote:
      path: src/Virtufin.Core/Clock/IClock.cs
      branch: master
      repo: https://gitea.haenerconsulting.com/virtufin/virtufin-dotnet
    id: IsWallClock
    path: ../../../src/Virtufin.Core/Clock/IClock.cs
    startLine: 13
  assemblies:
  - Virtufin.Core
  namespace: Virtufin.Core.Clock
  summary: True for <code>WallClock</code>; false for synthetic clocks.
  example: []
  syntax:
    content: bool IsWallClock { get; }
    parameters: []
    return:
      type: System.Boolean
    content.vb: ReadOnly Property IsWallClock As Boolean
  overload: Virtufin.Core.Clock.IClock.IsWallClock*
- uid: Virtufin.Core.Clock.IClock.Name
  commentId: P:Virtufin.Core.Clock.IClock.Name
  id: Name
  parent: Virtufin.Core.Clock.IClock
  langs:
  - csharp
  - vb
  name: Name
  nameWithType: IClock.Name
  fullName: Virtufin.Core.Clock.IClock.Name
  type: Property
  source:
    remote:
      path: src/Virtufin.Core/Clock/IClock.cs
      branch: master
      repo: https://gitea.haenerconsulting.com/virtufin/virtufin-dotnet
    id: Name
    path: ../../../src/Virtufin.Core/Clock/IClock.cs
    startLine: 16
  assemblies:
  - Virtufin.Core
  namespace: Virtufin.Core.Clock
  summary: Human-readable clock name (e.g. <code>wall</code>, <code>synthetic:BTC_2021</code>).
  example: []
  syntax:
    content: string Name { get; }
    parameters: []
    return:
      type: System.String
    content.vb: ReadOnly Property Name As String
  overload: Virtufin.Core.Clock.IClock.Name*
references:
- uid: Virtufin.Core.Clock
  commentId: N:Virtufin.Core.Clock
  href: Virtufin.html
  name: Virtufin.Core.Clock
  nameWithType: Virtufin.Core.Clock
  fullName: Virtufin.Core.Clock
  spec.csharp:
  - uid: Virtufin
    name: Virtufin
    href: Virtufin.html
  - name: .
  - uid: Virtufin.Core
    name: Core
    href: Virtufin.Core.html
  - name: .
  - uid: Virtufin.Core.Clock
    name: Clock
    href: Virtufin.Core.Clock.html
  spec.vb:
  - uid: Virtufin
    name: Virtufin
    href: Virtufin.html
  - name: .
  - uid: Virtufin.Core
    name: Core
    href: Virtufin.Core.html
  - name: .
  - uid: Virtufin.Core.Clock
    name: Clock
    href: Virtufin.Core.Clock.html
- uid: Virtufin.Core.Clock.IClock.Now*
  commentId: Overload:Virtufin.Core.Clock.IClock.Now
  href: Virtufin.Core.Clock.IClock.html#Virtufin_Core_Clock_IClock_Now
  name: Now
  nameWithType: IClock.Now
  fullName: Virtufin.Core.Clock.IClock.Now
- uid: System.DateTimeOffset
  commentId: T:System.DateTimeOffset
  parent: System
  isExternal: true
  href: https://learn.microsoft.com/dotnet/api/system.datetimeoffset
  name: DateTimeOffset
  nameWithType: DateTimeOffset
  fullName: System.DateTimeOffset
- uid: System
  commentId: N:System
  isExternal: true
  href: https://learn.microsoft.com/dotnet/api/system
  name: System
  nameWithType: System
  fullName: System
- uid: Virtufin.Core.Clock.IClock.IsWallClock*
  commentId: Overload:Virtufin.Core.Clock.IClock.IsWallClock
  href: Virtufin.Core.Clock.IClock.html#Virtufin_Core_Clock_IClock_IsWallClock
  name: IsWallClock
  nameWithType: IClock.IsWallClock
  fullName: Virtufin.Core.Clock.IClock.IsWallClock
- uid: System.Boolean
  commentId: T:System.Boolean
  parent: System
  isExternal: true
  href: https://learn.microsoft.com/dotnet/api/system.boolean
  name: bool
  nameWithType: bool
  fullName: bool
  nameWithType.vb: Boolean
  fullName.vb: Boolean
  name.vb: Boolean
- uid: Virtufin.Core.Clock.IClock.Name*
  commentId: Overload:Virtufin.Core.Clock.IClock.Name
  href: Virtufin.Core.Clock.IClock.html#Virtufin_Core_Clock_IClock_Name
  name: Name
  nameWithType: IClock.Name
  fullName: Virtufin.Core.Clock.IClock.Name
- uid: System.String
  commentId: T:System.String
  parent: System
  isExternal: true
  href: https://learn.microsoft.com/dotnet/api/system.string
  name: string
  nameWithType: string
  fullName: string
  nameWithType.vb: String
  fullName.vb: String
  name.vb: String
